
Microsoft Visual Studio Solution File, Format Version 12.00
# Visual Studio Version 16
VisualStudioVersion = 16.0.31410.357
MinimumVisualStudioVersion = 10.0.40219.1
Project("{FAE04EC0-301F-11D3-BF4B-00C04F79EFBC}") = "Tarea3DependencyInyection", "Tarea3DependencyInyection\Tarea3DependencyInyection.csproj", "{144BB40B-1820-4E2F-B849-CFECE13F26B9}"
EndProject
Global
	GlobalSection(SolutionConfigurationPlatforms) = preSolution
		Debug|Any CPU = Debug|Any CPU
		Release|Any CPU = Release|Any CPU
	EndGlobalSection
	GlobalSection(ProjectConfigurationPlatforms) = postSolution
		{144BB40B-1820-4E2F-B849-CFECE13F26B9}.Debug|Any CPU.ActiveCfg = Debug|Any CPU
		{144BB40B-1820-4E2F-B849-CFECE13F26B9}.Debug|Any CPU.Build.0 = Debug|Any CPU
		{144BB40B-1820-4E2F-B849-CFECE13F26B9}.Release|Any CPU.ActiveCfg = Release|Any CPU
		{144BB40B-1820-4E2F-B849-CFECE13F26B9}.Release|Any CPU.Build.0 = Release|Any CPU
	EndGlobalSection
	GlobalSection(SolutionProperties) = preSolution
		HideSolutionNode = FALSE
	EndGlobalSection
	GlobalSection(ExtensibilityGlobals) = postSolution
		SolutionGuid = {A6B0D97F-C031-4E8B-9D8D-7E27BA392C32}
	EndGlobalSection
EndGlobal
