
Microsoft Visual Studio Solution File, Format Version 12.00
# Visual Studio Version 16
VisualStudioVersion = 16.0.31410.357
MinimumVisualStudioVersion = 10.0.40219.1
Project("{FAE04EC0-301F-11D3-BF4B-00C04F79EFBC}") = "Tarea1", "Tarea1\Tarea1.csproj", "{7C89C8F3-BE82-413D-88DF-F1C461EFF170}"
EndProject
Global
	GlobalSection(SolutionConfigurationPlatforms) = preSolution
		Debug|Any CPU = Debug|Any CPU
		Release|Any CPU = Release|Any CPU
	EndGlobalSection
	GlobalSection(ProjectConfigurationPlatforms) = postSolution
		{7C89C8F3-BE82-413D-88DF-F1C461EFF170}.Debug|Any CPU.ActiveCfg = Debug|Any CPU
		{7C89C8F3-BE82-413D-88DF-F1C461EFF170}.Debug|Any CPU.Build.0 = Debug|Any CPU
		{7C89C8F3-BE82-413D-88DF-F1C461EFF170}.Release|Any CPU.ActiveCfg = Release|Any CPU
		{7C89C8F3-BE82-413D-88DF-F1C461EFF170}.Release|Any CPU.Build.0 = Release|Any CPU
	EndGlobalSection
	GlobalSection(SolutionProperties) = preSolution
		HideSolutionNode = FALSE
	EndGlobalSection
	GlobalSection(ExtensibilityGlobals) = postSolution
		SolutionGuid = {54EF0A93-F5BE-4AAF-9B07-B55C18185A33}
	EndGlobalSection
EndGlobal
