
Microsoft Visual Studio Solution File, Format Version 12.00
# Visual Studio Version 16
VisualStudioVersion = 16.0.31410.357
MinimumVisualStudioVersion = 10.0.40219.1
Project("{FAE04EC0-301F-11D3-BF4B-00C04F79EFBC}") = "Identificación_Pais", "Identificación_Pais\Identificación_Pais.csproj", "{C68E97DD-67B9-429E-B704-F2D1DA4F07BE}"
EndProject
Global
	GlobalSection(SolutionConfigurationPlatforms) = preSolution
		Debug|Any CPU = Debug|Any CPU
		Release|Any CPU = Release|Any CPU
	EndGlobalSection
	GlobalSection(ProjectConfigurationPlatforms) = postSolution
		{C68E97DD-67B9-429E-B704-F2D1DA4F07BE}.Debug|Any CPU.ActiveCfg = Debug|Any CPU
		{C68E97DD-67B9-429E-B704-F2D1DA4F07BE}.Debug|Any CPU.Build.0 = Debug|Any CPU
		{C68E97DD-67B9-429E-B704-F2D1DA4F07BE}.Release|Any CPU.ActiveCfg = Release|Any CPU
		{C68E97DD-67B9-429E-B704-F2D1DA4F07BE}.Release|Any CPU.Build.0 = Release|Any CPU
	EndGlobalSection
	GlobalSection(SolutionProperties) = preSolution
		HideSolutionNode = FALSE
	EndGlobalSection
	GlobalSection(ExtensibilityGlobals) = postSolution
		SolutionGuid = {992A54A3-561C-43CD-A7CA-03CAFA27A985}
	EndGlobalSection
EndGlobal
