
Microsoft Visual Studio Solution File, Format Version 12.00
# Visual Studio Version 16
VisualStudioVersion = 16.0.31410.357
MinimumVisualStudioVersion = 10.0.40219.1
Project("{FAE04EC0-301F-11D3-BF4B-00C04F79EFBC}") = "JonathanBalarezoRecuperacionP1", "JonathanBalarezoRecuperacionP1\JonathanBalarezoRecuperacionP1.csproj", "{5D400930-1207-4D4D-831E-19E32160C53E}"
EndProject
Global
	GlobalSection(SolutionConfigurationPlatforms) = preSolution
		Debug|Any CPU = Debug|Any CPU
		Release|Any CPU = Release|Any CPU
	EndGlobalSection
	GlobalSection(ProjectConfigurationPlatforms) = postSolution
		{5D400930-1207-4D4D-831E-19E32160C53E}.Debug|Any CPU.ActiveCfg = Debug|Any CPU
		{5D400930-1207-4D4D-831E-19E32160C53E}.Debug|Any CPU.Build.0 = Debug|Any CPU
		{5D400930-1207-4D4D-831E-19E32160C53E}.Release|Any CPU.ActiveCfg = Release|Any CPU
		{5D400930-1207-4D4D-831E-19E32160C53E}.Release|Any CPU.Build.0 = Release|Any CPU
	EndGlobalSection
	GlobalSection(SolutionProperties) = preSolution
		HideSolutionNode = FALSE
	EndGlobalSection
	GlobalSection(ExtensibilityGlobals) = postSolution
		SolutionGuid = {29C62992-F833-4E77-9FD4-FA772B751668}
	EndGlobalSection
EndGlobal
